// !$*UTF8*$!
{
	archiveVersion = 1;
	classes = {
	};
	objectVersion = 46;
	objects = {

/* Begin PBXBuildFile section */
		BF0D0D5F1CB7B7CE0084FB6B /* main.m in Sources */ = {isa = PBXBuildFile; fileRef = BF0D0D5E1CB7B7CE0084FB6B /* main.m */; };
		BF0D0D621CB7B7CE0084FB6B /* AppDelegate.m in Sources */ = {isa = PBXBuildFile; fileRef = BF0D0D611CB7B7CE0084FB6B /* AppDelegate.m */; };
		BF0D0D651CB7B7CE0084FB6B /* ViewController.m in Sources */ = {isa = PBXBuildFile; fileRef = BF0D0D641CB7B7CE0084FB6B /* ViewController.m */; };
		BF0D0D681CB7B7CE0084FB6B /* Main.storyboard in Resources */ = {isa = PBXBuildFile; fileRef = BF0D0D661CB7B7CE0084FB6B /* Main.storyboard */; };
		BF0D0D6A1CB7B7CE0084FB6B /* Assets.xcassets in Resources */ = {isa = PBXBuildFile; fileRef = BF0D0D691CB7B7CE0084FB6B /* Assets.xcassets */; };
		BF0D0D6D1CB7B7CE0084FB6B /* LaunchScreen.storyboard in Resources */ = {isa = PBXBuildFile; fileRef = BF0D0D6B1CB7B7CE0084FB6B /* LaunchScreen.storyboard */; };
		BF0D0D781CB7B7CE0084FB6B /* __8___4_8Tests.m in Sources */ = {isa = PBXBuildFile; fileRef = BF0D0D771CB7B7CE0084FB6B /* __8___4_8Tests.m */; };
		BF0D0D831CB7B7CE0084FB6B /* __8___4_8UITests.m in Sources */ = {isa = PBXBuildFile; fileRef = BF0D0D821CB7B7CE0084FB6B /* __8___4_8UITests.m */; };
/* End PBXBuildFile section */

/* Begin PBXContainerItemProxy section */
		BF0D0D741CB7B7CE0084FB6B /* PBXContainerItemProxy */ = {
			isa = PBXContainerItemProxy;
			containerPortal = BF0D0D521CB7B7CE0084FB6B /* Project object */;
			proxyType = 1;
			remoteGlobalIDString = BF0D0D591CB7B7CE0084FB6B;
			remoteInfo = "4.8毛毛虫4.8";
		};
		BF0D0D7F1CB7B7CE0084FB6B /* PBXContainerItemProxy */ = {
			isa = PBXContainerItemProxy;
			containerPortal = BF0D0D521CB7B7CE0084FB6B /* Project object */;
			proxyType = 1;
			remoteGlobalIDString = BF0D0D591CB7B7CE0084FB6B;
			remoteInfo = "4.8毛毛虫4.8";
		};
/* End PBXContainerItemProxy section */

/* Begin PBXFileReference section */
		BF0D0D5A1CB7B7CE0084FB6B /* 4.8毛毛虫4.8.app */ = {isa = PBXFileReference; explicitFileType = wrapper.application; includeInIndex = 0; path = "4.8毛毛虫4.8.app"; sourceTree = BUILT_PRODUCTS_DIR; };
		BF0D0D5E1CB7B7CE0084FB6B /* main.m */ = {isa = PBXFileReference; lastKnownFileType = sourcecode.c.objc; path = main.m; sourceTree = "<group>"; };
		BF0D0D601CB7B7CE0084FB6B /* AppDelegate.h */ = {isa = PBXFileReference; lastKnownFileType = sourcecode.c.h; path = AppDelegate.h; sourceTree = "<group>"; };
		BF0D0D611CB7B7CE0084FB6B /* AppDelegate.m */ = {isa = PBXFileReference; lastKnownFileType = sourcecode.c.objc; path = AppDelegate.m; sourceTree = "<group>"; };
		BF0D0D631CB7B7CE0084FB6B /* ViewController.h */ = {isa = PBXFileReference; lastKnownFileType = sourcecode.c.h; path = ViewController.h; sourceTree = "<group>"; };
		BF0D0D641CB7B7CE0084FB6B /* ViewController.m */ = {isa = PBXFileReference; lastKnownFileType = sourcecode.c.objc; path = ViewController.m; sourceTree = "<group>"; };
		BF0D0D671CB7B7CE0084FB6B /* Base */ = {isa = PBXFileReference; lastKnownFileType = file.storyboard; name = Base; path = Base.lproj/Main.storyboard; sourceTree = "<group>"; };
		BF0D0D691CB7B7CE0084FB6B /* Assets.xcassets */ = {isa = PBXFileReference; lastKnownFileType = folder.assetcatalog; path = Assets.xcassets; sourceTree = "<group>"; };
		BF0D0D6C1CB7B7CE0084FB6B /* Base */ = {isa = PBXFileReference; lastKnownFileType = file.storyboard; name = Base; path = Base.lproj/LaunchScreen.storyboard; sourceTree = "<group>"; };
		BF0D0D6E1CB7B7CE0084FB6B /* Info.plist */ = {isa = PBXFileReference; lastKnownFileType = text.plist.xml; path = Info.plist; sourceTree = "<group>"; };
		BF0D0D731CB7B7CE0084FB6B /* 4.8毛毛虫4.8Tests.xctest */ = {isa = PBXFileReference; explicitFileType = wrapper.cfbundle; includeInIndex = 0; path = "4.8毛毛虫4.8Tests.xctest"; sourceTree = BUILT_PRODUCTS_DIR; };
		BF0D0D771CB7B7CE0084FB6B /* __8___4_8Tests.m */ = {isa = PBXFileReference; lastKnownFileType = sourcecode.c.objc; path = "__8___4_8Tests.m"; sourceTree = "<group>"; };
		BF0D0D791CB7B7CE0084FB6B /* Info.plist */ = {isa = PBXFileReference; lastKnownFileType = text.plist.xml; path = Info.plist; sourceTree = "<group>"; };
		BF0D0D7E1CB7B7CE0084FB6B /* 4.8毛毛虫4.8UITests.xctest */ = {isa = PBXFileReference; explicitFileType = wrapper.cfbundle; includeInIndex = 0; path = "4.8毛毛虫4.8UITests.xctest"; sourceTree = BUILT_PRODUCTS_DIR; };
		BF0D0D821CB7B7CE0084FB6B /* __8___4_8UITests.m */ = {isa = PBXFileReference; lastKnownFileType = sourcecode.c.objc; path = "__8___4_8UITests.m"; sourceTree = "<group>"; };
		BF0D0D841CB7B7CE0084FB6B /* Info.plist */ = {isa = PBXFileReference; lastKnownFileType = text.plist.xml; path = Info.plist; sourceTree = "<group>"; };
/* End PBXFileReference section */

/* Begin PBXFrameworksBuildPhase section */
		BF0D0D571CB7B7CE0084FB6B /* Frameworks */ = {
			isa = PBXFrameworksBuildPhase;
			buildActionMask = 2147483647;
			files = (
			);
			runOnlyForDeploymentPostprocessing = 0;
		};
		BF0D0D701CB7B7CE0084FB6B /* Frameworks */ = {
			isa = PBXFrameworksBuildPhase;
			buildActionMask = 2147483647;
			files = (
			);
			runOnlyForDeploymentPostprocessing = 0;
		};
		BF0D0D7B1CB7B7CE0084FB6B /* Frameworks */ = {
			isa = PBXFrameworksBuildPhase;
			buildActionMask = 2147483647;
			files = (
			);
			runOnlyForDeploymentPostprocessing = 0;
		};
/* End PBXFrameworksBuildPhase section */

/* Begin PBXGroup section */
		BF0D0D511CB7B7CE0084FB6B = {
			isa = PBXGroup;
			children = (
				BF0D0D5C1CB7B7CE0084FB6B /* 4.8毛毛虫4.8 */,
				BF0D0D761CB7B7CE0084FB6B /* 4.8毛毛虫4.8Tests */,
				BF0D0D811CB7B7CE0084FB6B /* 4.8毛毛虫4.8UITests */,
				BF0D0D5B1CB7B7CE0084FB6B /* Products */,
			);
			sourceTree = "<group>";
		};
		BF0D0D5B1CB7B7CE0084FB6B /* Products */ = {
			isa = PBXGroup;
			children = (
				BF0D0D5A1CB7B7CE0084FB6B /* 4.8毛毛虫4.8.app */,
				BF0D0D731CB7B7CE0084FB6B /* 4.8毛毛虫4.8Tests.xctest */,
				BF0D0D7E1CB7B7CE0084FB6B /* 4.8毛毛虫4.8UITests.xctest */,
			);
			name = Products;
			sourceTree = "<group>";
		};
		BF0D0D5C1CB7B7CE0084FB6B /* 4.8毛毛虫4.8 */ = {
			isa = PBXGroup;
			children = (
				BF0D0D601CB7B7CE0084FB6B /* AppDelegate.h */,
				BF0D0D611CB7B7CE0084FB6B /* AppDelegate.m */,
				BF0D0D631CB7B7CE0084FB6B /* ViewController.h */,
				BF0D0D641CB7B7CE0084FB6B /* ViewController.m */,
				BF0D0D661CB7B7CE0084FB6B /* Main.storyboard */,
				BF0D0D691CB7B7CE0084FB6B /* Assets.xcassets */,
				BF0D0D6B1CB7B7CE0084FB6B /* LaunchScreen.storyboard */,
				BF0D0D6E1CB7B7CE0084FB6B /* Info.plist */,
				BF0D0D5D1CB7B7CE0084FB6B /* Supporting Files */,
			);
			path = "4.8毛毛虫4.8";
			sourceTree = "<group>";
		};
		BF0D0D5D1CB7B7CE0084FB6B /* Supporting Files */ = {
			isa = PBXGroup;
			children = (
				BF0D0D5E1CB7B7CE0084FB6B /* main.m */,
			);
			name = "Supporting Files";
			sourceTree = "<group>";
		};
		BF0D0D761CB7B7CE0084FB6B /* 4.8毛毛虫4.8Tests */ = {
			isa = PBXGroup;
			children = (
				BF0D0D771CB7B7CE0084FB6B /* __8___4_8Tests.m */,
				BF0D0D791CB7B7CE0084FB6B /* Info.plist */,
			);
			path = "4.8毛毛虫4.8Tests";
			sourceTree = "<group>";
		};
		BF0D0D811CB7B7CE0084FB6B /* 4.8毛毛虫4.8UITests */ = {
			isa = PBXGroup;
			children = (
				BF0D0D821CB7B7CE0084FB6B /* __8___4_8UITests.m */,
				BF0D0D841CB7B7CE0084FB6B /* Info.plist */,
			);
			path = "4.8毛毛虫4.8UITests";
			sourceTree = "<group>";
		};
/* End PBXGroup section */

/* Begin PBXNativeTarget section */
		BF0D0D591CB7B7CE0084FB6B /* 4.8毛毛虫4.8 */ = {
			isa = PBXNativeTarget;
			buildConfigurationList = BF0D0D871CB7B7CE0084FB6B /* Build configuration list for PBXNativeTarget "4.8毛毛虫4.8" */;
			buildPhases = (
				BF0D0D561CB7B7CE0084FB6B /* Sources */,
				BF0D0D571CB7B7CE0084FB6B /* Frameworks */,
				BF0D0D581CB7B7CE0084FB6B /* Resources */,
			);
			buildRules = (
			);
			dependencies = (
			);
			name = "4.8毛毛虫4.8";
			productName = "4.8毛毛虫4.8";
			productReference = BF0D0D5A1CB7B7CE0084FB6B /* 4.8毛毛虫4.8.app */;
			productType = "com.apple.product-type.application";
		};
		BF0D0D721CB7B7CE0084FB6B /* 4.8毛毛虫4.8Tests */ = {
			isa = PBXNativeTarget;
			buildConfigurationList = BF0D0D8A1CB7B7CE0084FB6B /* Build configuration list for PBXNativeTarget "4.8毛毛虫4.8Tests" */;
			buildPhases = (
				BF0D0D6F1CB7B7CE0084FB6B /* Sources */,
				BF0D0D701CB7B7CE0084FB6B /* Frameworks */,
				BF0D0D711CB7B7CE0084FB6B /* Resources */,
			);
			buildRules = (
			);
			dependencies = (
				BF0D0D751CB7B7CE0084FB6B /* PBXTargetDependency */,
			);
			name = "4.8毛毛虫4.8Tests";
			productName = "4.8毛毛虫4.8Tests";
			productReference = BF0D0D731CB7B7CE0084FB6B /* 4.8毛毛虫4.8Tests.xctest */;
			productType = "com.apple.product-type.bundle.unit-test";
		};
		BF0D0D7D1CB7B7CE0084FB6B /* 4.8毛毛虫4.8UITests */ = {
			isa = PBXNativeTarget;
			buildConfigurationList = BF0D0D8D1CB7B7CE0084FB6B /* Build configuration list for PBXNativeTarget "4.8毛毛虫4.8UITests" */;
			buildPhases = (
				BF0D0D7A1CB7B7CE0084FB6B /* Sources */,
				BF0D0D7B1CB7B7CE0084FB6B /* Frameworks */,
				BF0D0D7C1CB7B7CE0084FB6B /* Resources */,
			);
			buildRules = (
			);
			dependencies = (
				BF0D0D801CB7B7CE0084FB6B /* PBXTargetDependency */,
			);
			name = "4.8毛毛虫4.8UITests";
			productName = "4.8毛毛虫4.8UITests";
			productReference = BF0D0D7E1CB7B7CE0084FB6B /* 4.8毛毛虫4.8UITests.xctest */;
			productType = "com.apple.product-type.bundle.ui-testing";
		};
/* End PBXNativeTarget section */

/* Begin PBXProject section */
		BF0D0D521CB7B7CE0084FB6B /* Project object */ = {
			isa = PBXProject;
			attributes = {
				LastUpgradeCheck = 0720;
				ORGANIZATIONNAME = "邓金明";
				TargetAttributes = {
					BF0D0D591CB7B7CE0084FB6B = {
						CreatedOnToolsVersion = 7.2.1;
					};
					BF0D0D721CB7B7CE0084FB6B = {
						CreatedOnToolsVersion = 7.2.1;
						TestTargetID = BF0D0D591CB7B7CE0084FB6B;
					};
					BF0D0D7D1CB7B7CE0084FB6B = {
						CreatedOnToolsVersion = 7.2.1;
						TestTargetID = BF0D0D591CB7B7CE0084FB6B;
					};
				};
			};
			buildConfigurationList = BF0D0D551CB7B7CE0084FB6B /* Build configuration list for PBXProject "4.8毛毛虫4.8" */;
			compatibilityVersion = "Xcode 3.2";
			developmentRegion = English;
			hasScannedForEncodings = 0;
			knownRegions = (
				en,
				Base,
			);
			mainGroup = BF0D0D511CB7B7CE0084FB6B;
			productRefGroup = BF0D0D5B1CB7B7CE0084FB6B /* Products */;
			projectDirPath = "";
			projectRoot = "";
			targets = (
				BF0D0D591CB7B7CE0084FB6B /* 4.8毛毛虫4.8 */,
				BF0D0D721CB7B7CE0084FB6B /* 4.8毛毛虫4.8Tests */,
				BF0D0D7D1CB7B7CE0084FB6B /* 4.8毛毛虫4.8UITests */,
			);
		};
/* End PBXProject section */

/* Begin PBXResourcesBuildPhase section */
		BF0D0D581CB7B7CE0084FB6B /* Resources */ = {
			isa = PBXResourcesBuildPhase;
			buildActionMask = 2147483647;
			files = (
				BF0D0D6D1CB7B7CE0084FB6B /* LaunchScreen.storyboard in Resources */,
				BF0D0D6A1CB7B7CE0084FB6B /* Assets.xcassets in Resources */,
				BF0D0D681CB7B7CE0084FB6B /* Main.storyboard in Resources */,
			);
			runOnlyForDeploymentPostprocessing = 0;
		};
		BF0D0D711CB7B7CE0084FB6B /* Resources */ = {
			isa = PBXResourcesBuildPhase;
			buildActionMask = 2147483647;
			files = (
			);
			runOnlyForDeploymentPostprocessing = 0;
		};
		BF0D0D7C1CB7B7CE0084FB6B /* Resources */ = {
			isa = PBXResourcesBuildPhase;
			buildActionMask = 2147483647;
			files = (
			);
			runOnlyForDeploymentPostprocessing = 0;
		};
/* End PBXResourcesBuildPhase section */

/* Begin PBXSourcesBuildPhase section */
		BF0D0D561CB7B7CE0084FB6B /* Sources */ = {
			isa = PBXSourcesBuildPhase;
			buildActionMask = 2147483647;
			files = (
				BF0D0D651CB7B7CE0084FB6B /* ViewController.m in Sources */,
				BF0D0D621CB7B7CE0084FB6B /* AppDelegate.m in Sources */,
				BF0D0D5F1CB7B7CE0084FB6B /* main.m in Sources */,
			);
			runOnlyForDeploymentPostprocessing = 0;
		};
		BF0D0D6F1CB7B7CE0084FB6B /* Sources */ = {
			isa = PBXSourcesBuildPhase;
			buildActionMask = 2147483647;
			files = (
				BF0D0D781CB7B7CE0084FB6B /* __8___4_8Tests.m in Sources */,
			);
			runOnlyForDeploymentPostprocessing = 0;
		};
		BF0D0D7A1CB7B7CE0084FB6B /* Sources */ = {
			isa = PBXSourcesBuildPhase;
			buildActionMask = 2147483647;
			files = (
				BF0D0D831CB7B7CE0084FB6B /* __8___4_8UITests.m in Sources */,
			);
			runOnlyForDeploymentPostprocessing = 0;
		};
/* End PBXSourcesBuildPhase section */

/* Begin PBXTargetDependency section */
		BF0D0D751CB7B7CE0084FB6B /* PBXTargetDependency */ = {
			isa = PBXTargetDependency;
			target = BF0D0D591CB7B7CE0084FB6B /* 4.8毛毛虫4.8 */;
			targetProxy = BF0D0D741CB7B7CE0084FB6B /* PBXContainerItemProxy */;
		};
		BF0D0D801CB7B7CE0084FB6B /* PBXTargetDependency */ = {
			isa = PBXTargetDependency;
			target = BF0D0D591CB7B7CE0084FB6B /* 4.8毛毛虫4.8 */;
			targetProxy = BF0D0D7F1CB7B7CE0084FB6B /* PBXContainerItemProxy */;
		};
/* End PBXTargetDependency section */

/* Begin PBXVariantGroup section */
		BF0D0D661CB7B7CE0084FB6B /* Main.storyboard */ = {
			isa = PBXVariantGroup;
			children = (
				BF0D0D671CB7B7CE0084FB6B /* Base */,
			);
			name = Main.storyboard;
			sourceTree = "<group>";
		};
		BF0D0D6B1CB7B7CE0084FB6B /* LaunchScreen.storyboard */ = {
			isa = PBXVariantGroup;
			children = (
				BF0D0D6C1CB7B7CE0084FB6B /* Base */,
			);
			name = LaunchScreen.storyboard;
			sourceTree = "<group>";
		};
/* End PBXVariantGroup section */

/* Begin XCBuildConfiguration section */
		BF0D0D851CB7B7CE0084FB6B /* Debug */ = {
			isa = XCBuildConfiguration;
			buildSettings = {
				ALWAYS_SEARCH_USER_PATHS = NO;
				CLANG_CXX_LANGUAGE_STANDARD = "gnu++0x";
				CLANG_CXX_LIBRARY = "libc++";
				CLANG_ENABLE_MODULES = YES;
				CLANG_ENABLE_OBJC_ARC = YES;
				CLANG_WARN_BOOL_CONVERSION = YES;
				CLANG_WARN_CONSTANT_CONVERSION = YES;
				CLANG_WARN_DIRECT_OBJC_ISA_USAGE = YES_ERROR;
				CLANG_WARN_EMPTY_BODY = YES;
				CLANG_WARN_ENUM_CONVERSION = YES;
				CLANG_WARN_INT_CONVERSION = YES;
				CLANG_WARN_OBJC_ROOT_CLASS = YES_ERROR;
				CLANG_WARN_UNREACHABLE_CODE = YES;
				CLANG_WARN__DUPLICATE_METHOD_MATCH = YES;
				"CODE_SIGN_IDENTITY[sdk=iphoneos*]" = "iPhone Developer";
				COPY_PHASE_STRIP = NO;
				DEBUG_INFORMATION_FORMAT = dwarf;
				ENABLE_STRICT_OBJC_MSGSEND = YES;
				ENABLE_TESTABILITY = YES;
				GCC_C_LANGUAGE_STANDARD = gnu99;
				GCC_DYNAMIC_NO_PIC = NO;
				GCC_NO_COMMON_BLOCKS = YES;
				GCC_OPTIMIZATION_LEVEL = 0;
				GCC_PREPROCESSOR_DEFINITIONS = (
					"DEBUG=1",
					"$(inherited)",
				);
				GCC_WARN_64_TO_32_BIT_CONVERSION = YES;
				GCC_WARN_ABOUT_RETURN_TYPE = YES_ERROR;
				GCC_WARN_UNDECLARED_SELECTOR = YES;
				GCC_WARN_UNINITIALIZED_AUTOS = YES_AGGRESSIVE;
				GCC_WARN_UNUSED_FUNCTION = YES;
				GCC_WARN_UNUSED_VARIABLE = YES;
				IPHONEOS_DEPLOYMENT_TARGET = 9.2;
				MTL_ENABLE_DEBUG_INFO = YES;
				ONLY_ACTIVE_ARCH = YES;
				SDKROOT = iphoneos;
			};
			name = Debug;
		};
		BF0D0D861CB7B7CE0084FB6B /* Release */ = {
			isa = XCBuildConfiguration;
			buildSettings = {
				ALWAYS_SEARCH_USER_PATHS = NO;
				CLANG_CXX_LANGUAGE_STANDARD = "gnu++0x";
				CLANG_CXX_LIBRARY = "libc++";
				CLANG_ENABLE_MODULES = YES;
				CLANG_ENABLE_OBJC_ARC = YES;
				CLANG_WARN_BOOL_CONVERSION = YES;
				CLANG_WARN_CONSTANT_CONVERSION = YES;
				CLANG_WARN_DIRECT_OBJC_ISA_USAGE = YES_ERROR;
				CLANG_WARN_EMPTY_BODY = YES;
				CLANG_WARN_ENUM_CONVERSION = YES;
				CLANG_WARN_INT_CONVERSION = YES;
				CLANG_WARN_OBJC_ROOT_CLASS = YES_ERROR;
				CLANG_WARN_UNREACHABLE_CODE = YES;
				CLANG_WARN__DUPLICATE_METHOD_MATCH = YES;
				"CODE_SIGN_IDENTITY[sdk=iphoneos*]" = "iPhone Developer";
				COPY_PHASE_STRIP = NO;
				DEBUG_INFORMATION_FORMAT = "dwarf-with-dsym";
				ENABLE_NS_ASSERTIONS = NO;
				ENABLE_STRICT_OBJC_MSGSEND = YES;
				GCC_C_LANGUAGE_STANDARD = gnu99;
				GCC_NO_COMMON_BLOCKS = YES;
				GCC_WARN_64_TO_32_BIT_CONVERSION = YES;
				GCC_WARN_ABOUT_RETURN_TYPE = YES_ERROR;
				GCC_WARN_UNDECLARED_SELECTOR = YES;
				GCC_WARN_UNINITIALIZED_AUTOS = YES_AGGRESSIVE;
				GCC_WARN_UNUSED_FUNCTION = YES;
				GCC_WARN_UNUSED_VARIABLE = YES;
				IPHONEOS_DEPLOYMENT_TARGET = 9.2;
				MTL_ENABLE_DEBUG_INFO = NO;
				SDKROOT = iphoneos;
				VALIDATE_PRODUCT = YES;
			};
			name = Release;
		};
		BF0D0D881CB7B7CE0084FB6B /* Debug */ = {
			isa = XCBuildConfiguration;
			buildSettings = {
				ASSETCATALOG_COMPILER_APPICON_NAME = AppIcon;
				INFOPLIST_FILE = "4.8毛毛虫4.8/Info.plist";
				LD_RUNPATH_SEARCH_PATHS = "$(inherited) @executable_path/Frameworks";
				PRODUCT_BUNDLE_IDENTIFIER = "djm.--8---4-8";
				PRODUCT_NAME = "$(TARGET_NAME)";
			};
			name = Debug;
		};
		BF0D0D891CB7B7CE0084FB6B /* Release */ = {
			isa = XCBuildConfiguration;
			buildSettings = {
				ASSETCATALOG_COMPILER_APPICON_NAME = AppIcon;
				INFOPLIST_FILE = "4.8毛毛虫4.8/Info.plist";
				LD_RUNPATH_SEARCH_PATHS = "$(inherited) @executable_path/Frameworks";
				PRODUCT_BUNDLE_IDENTIFIER = "djm.--8---4-8";
				PRODUCT_NAME = "$(TARGET_NAME)";
			};
			name = Release;
		};
		BF0D0D8B1CB7B7CE0084FB6B /* Debug */ = {
			isa = XCBuildConfiguration;
			buildSettings = {
				BUNDLE_LOADER = "$(TEST_HOST)";
				INFOPLIST_FILE = "4.8毛毛虫4.8Tests/Info.plist";
				LD_RUNPATH_SEARCH_PATHS = "$(inherited) @executable_path/Frameworks @loader_path/Frameworks";
				PRODUCT_BUNDLE_IDENTIFIER = "djm.--8---4-8Tests";
				PRODUCT_NAME = "$(TARGET_NAME)";
				TEST_HOST = "$(BUILT_PRODUCTS_DIR)/4.8毛毛虫4.8.app/4.8毛毛虫4.8";
			};
			name = Debug;
		};
		BF0D0D8C1CB7B7CE0084FB6B /* Release */ = {
			isa = XCBuildConfiguration;
			buildSettings = {
				BUNDLE_LOADER = "$(TEST_HOST)";
				INFOPLIST_FILE = "4.8毛毛虫4.8Tests/Info.plist";
				LD_RUNPATH_SEARCH_PATHS = "$(inherited) @executable_path/Frameworks @loader_path/Frameworks";
				PRODUCT_BUNDLE_IDENTIFIER = "djm.--8---4-8Tests";
				PRODUCT_NAME = "$(TARGET_NAME)";
				TEST_HOST = "$(BUILT_PRODUCTS_DIR)/4.8毛毛虫4.8.app/4.8毛毛虫4.8";
			};
			name = Release;
		};
		BF0D0D8E1CB7B7CE0084FB6B /* Debug */ = {
			isa = XCBuildConfiguration;
			buildSettings = {
				INFOPLIST_FILE = "4.8毛毛虫4.8UITests/Info.plist";
				LD_RUNPATH_SEARCH_PATHS = "$(inherited) @executable_path/Frameworks @loader_path/Frameworks";
				PRODUCT_BUNDLE_IDENTIFIER = "djm.--8---4-8UITests";
				PRODUCT_NAME = "$(TARGET_NAME)";
				TEST_TARGET_NAME = "4.8毛毛虫4.8";
				USES_XCTRUNNER = YES;
			};
			name = Debug;
		};
		BF0D0D8F1CB7B7CE0084FB6B /* Release */ = {
			isa = XCBuildConfiguration;
			buildSettings = {
				INFOPLIST_FILE = "4.8毛毛虫4.8UITests/Info.plist";
				LD_RUNPATH_SEARCH_PATHS = "$(inherited) @executable_path/Frameworks @loader_path/Frameworks";
				PRODUCT_BUNDLE_IDENTIFIER = "djm.--8---4-8UITests";
				PRODUCT_NAME = "$(TARGET_NAME)";
				TEST_TARGET_NAME = "4.8毛毛虫4.8";
				USES_XCTRUNNER = YES;
			};
			name = Release;
		};
/* End XCBuildConfiguration section */

/* Begin XCConfigurationList section */
		BF0D0D551CB7B7CE0084FB6B /* Build configuration list for PBXProject "4.8毛毛虫4.8" */ = {
			isa = XCConfigurationList;
			buildConfigurations = (
				BF0D0D851CB7B7CE0084FB6B /* Debug */,
				BF0D0D861CB7B7CE0084FB6B /* Release */,
			);
			defaultConfigurationIsVisible = 0;
			defaultConfigurationName = Release;
		};
		BF0D0D871CB7B7CE0084FB6B /* Build configuration list for PBXNativeTarget "4.8毛毛虫4.8" */ = {
			isa = XCConfigurationList;
			buildConfigurations = (
				BF0D0D881CB7B7CE0084FB6B /* Debug */,
				BF0D0D891CB7B7CE0084FB6B /* Release */,
			);
			defaultConfigurationIsVisible = 0;
		};
		BF0D0D8A1CB7B7CE0084FB6B /* Build configuration list for PBXNativeTarget "4.8毛毛虫4.8Tests" */ = {
			isa = XCConfigurationList;
			buildConfigurations = (
				BF0D0D8B1CB7B7CE0084FB6B /* Debug */,
				BF0D0D8C1CB7B7CE0084FB6B /* Release */,
			);
			defaultConfigurationIsVisible = 0;
		};
		BF0D0D8D1CB7B7CE0084FB6B /* Build configuration list for PBXNativeTarget "4.8毛毛虫4.8UITests" */ = {
			isa = XCConfigurationList;
			buildConfigurations = (
				BF0D0D8E1CB7B7CE0084FB6B /* Debug */,
				BF0D0D8F1CB7B7CE0084FB6B /* Release */,
			);
			defaultConfigurationIsVisible = 0;
		};
/* End XCConfigurationList section */
	};
	rootObject = BF0D0D521CB7B7CE0084FB6B /* Project object */;
}
